
Microsoft Visual Studio Solution File, Format Version 12.00
# Visual Studio 15
VisualStudioVersion = 15.0.26730.8
MinimumVisualStudioVersion = 10.0.40219.1
Project("{8BC9CEB8-8B4A-11D0-8D11-00A0C91BC942}") = "given", "given\given.vcxproj", "{CFB72AE5-DB01-4C63-834B-8AB5980B2568}"
EndProject
Global
	GlobalSection(SolutionConfigurationPlatforms) = preSolution
		Debug|x64 = Debug|x64
		Debug|x86 = Debug|x86
		Release|x64 = Release|x64
		Release|x86 = Release|x86
	EndGlobalSection
	GlobalSection(ProjectConfigurationPlatforms) = postSolution
		{CFB72AE5-DB01-4C63-834B-8AB5980B2568}.Debug|x64.ActiveCfg = Debug|x64
		{CFB72AE5-DB01-4C63-834B-8AB5980B2568}.Debug|x64.Build.0 = Debug|x64
		{CFB72AE5-DB01-4C63-834B-8AB5980B2568}.Debug|x86.ActiveCfg = Debug|Win32
		{CFB72AE5-DB01-4C63-834B-8AB5980B2568}.Debug|x86.Build.0 = Debug|Win32
		{CFB72AE5-DB01-4C63-834B-8AB5980B2568}.Release|x64.ActiveCfg = Release|x64
		{CFB72AE5-DB01-4C63-834B-8AB5980B2568}.Release|x64.Build.0 = Release|x64
		{CFB72AE5-DB01-4C63-834B-8AB5980B2568}.Release|x86.ActiveCfg = Release|Win32
		{CFB72AE5-DB01-4C63-834B-8AB5980B2568}.Release|x86.Build.0 = Release|Win32
	EndGlobalSection
	GlobalSection(SolutionProperties) = preSolution
		HideSolutionNode = FALSE
	EndGlobalSection
	GlobalSection(ExtensibilityGlobals) = postSolution
		SolutionGuid = {3F55184F-DB0C-400C-9F0E-A49827E66976}
	EndGlobalSection
EndGlobal
